{
  "name": "shakespeares-cats",
  "version": "1.0.0",
  "lockfileVersion": 1,
  "requires": true,
  "dependencies": {
    "compiled-markov": {
      "version": "1.0.2",
      "resolved": "https://registry.npmjs.org/compiled-markov/-/compiled-markov-1.0.2.tgz",
      "integrity": "sha512-NcTgrp9kQts9Ijrhek8g+dnFGIkMNWouMgC1HDZX/7oqtNa8qTJU189HN8dGdxyEC2XNSPYu9Rdca/BGQl1tfQ=="
    }
  }
}
